
Microsoft Visual Studio Solution File, Format Version 12.00
# Visual Studio Version 17
VisualStudioVersion = 17.14.36429.23 d17.14
MinimumVisualStudioVersion = 10.0.40219.1
Project("{FAE04EC0-301F-11D3-BF4B-00C04F79EFBC}") = "Collection", "Collection\Collection.csproj", "{13E84098-BE0B-422B-B372-CE7E08F2BDD6}"
EndProject
Global
	GlobalSection(SolutionConfigurationPlatforms) = preSolution
		Debug|Any CPU = Debug|Any CPU
		Release|Any CPU = Release|Any CPU
	EndGlobalSection
	GlobalSection(ProjectConfigurationPlatforms) = postSolution
		{13E84098-BE0B-422B-B372-CE7E08F2BDD6}.Debug|Any CPU.ActiveCfg = Debug|Any CPU
		{13E84098-BE0B-422B-B372-CE7E08F2BDD6}.Debug|Any CPU.Build.0 = Debug|Any CPU
		{13E84098-BE0B-422B-B372-CE7E08F2BDD6}.Release|Any CPU.ActiveCfg = Release|Any CPU
		{13E84098-BE0B-422B-B372-CE7E08F2BDD6}.Release|Any CPU.Build.0 = Release|Any CPU
	EndGlobalSection
	GlobalSection(SolutionProperties) = preSolution
		HideSolutionNode = FALSE
	EndGlobalSection
	GlobalSection(ExtensibilityGlobals) = postSolution
		SolutionGuid = {999E79F4-6213-43E4-96C6-0F03B75591E5}
	EndGlobalSection
EndGlobal
